
Microsoft Visual Studio Solution File, Format Version 12.00
# Visual Studio 15
VisualStudioVersion = 15.0.28307.421
MinimumVisualStudioVersion = 10.0.40219.1
Project("{FAE04EC0-301F-11D3-BF4B-00C04F79EFBC}") = "QLBHwpf", "QLBHwpf\QLBHwpf.csproj", "{20125031-F09B-4D83-836B-B5EE31D9736D}"
EndProject
Global
	GlobalSection(SolutionConfigurationPlatforms) = preSolution
		Debug|Any CPU = Debug|Any CPU
		Release|Any CPU = Release|Any CPU
	EndGlobalSection
	GlobalSection(ProjectConfigurationPlatforms) = postSolution
		{20125031-F09B-4D83-836B-B5EE31D9736D}.Debug|Any CPU.ActiveCfg = Debug|Any CPU
		{20125031-F09B-4D83-836B-B5EE31D9736D}.Debug|Any CPU.Build.0 = Debug|Any CPU
		{20125031-F09B-4D83-836B-B5EE31D9736D}.Release|Any CPU.ActiveCfg = Release|Any CPU
		{20125031-F09B-4D83-836B-B5EE31D9736D}.Release|Any CPU.Build.0 = Release|Any CPU
	EndGlobalSection
	GlobalSection(SolutionProperties) = preSolution
		HideSolutionNode = FALSE
	EndGlobalSection
	GlobalSection(ExtensibilityGlobals) = postSolution
		SolutionGuid = {F5AFAD2A-5F5D-469D-855A-2A887A29DCC1}
	EndGlobalSection
EndGlobal
