
Microsoft Visual Studio Solution File, Format Version 12.00
# Visual Studio 15
VisualStudioVersion = 15.0.28307.421
MinimumVisualStudioVersion = 10.0.40219.1
Project("{FAE04EC0-301F-11D3-BF4B-00C04F79EFBC}") = "QLBDX", "QLBDX\QLBDX.csproj", "{71FCCAC3-0194-4CC5-A9CF-FEE33BEE4140}"
EndProject
Project("{FAE04EC0-301F-11D3-BF4B-00C04F79EFBC}") = "Test", "Test\Test.csproj", "{61381F79-AC48-444D-9F63-0BC6B6AABBDF}"
EndProject
Global
	GlobalSection(SolutionConfigurationPlatforms) = preSolution
		Debug|Any CPU = Debug|Any CPU
		Release|Any CPU = Release|Any CPU
	EndGlobalSection
	GlobalSection(ProjectConfigurationPlatforms) = postSolution
		{71FCCAC3-0194-4CC5-A9CF-FEE33BEE4140}.Debug|Any CPU.ActiveCfg = Debug|Any CPU
		{71FCCAC3-0194-4CC5-A9CF-FEE33BEE4140}.Debug|Any CPU.Build.0 = Debug|Any CPU
		{71FCCAC3-0194-4CC5-A9CF-FEE33BEE4140}.Release|Any CPU.ActiveCfg = Release|Any CPU
		{71FCCAC3-0194-4CC5-A9CF-FEE33BEE4140}.Release|Any CPU.Build.0 = Release|Any CPU
		{61381F79-AC48-444D-9F63-0BC6B6AABBDF}.Debug|Any CPU.ActiveCfg = Debug|Any CPU
		{61381F79-AC48-444D-9F63-0BC6B6AABBDF}.Debug|Any CPU.Build.0 = Debug|Any CPU
		{61381F79-AC48-444D-9F63-0BC6B6AABBDF}.Release|Any CPU.ActiveCfg = Release|Any CPU
		{61381F79-AC48-444D-9F63-0BC6B6AABBDF}.Release|Any CPU.Build.0 = Release|Any CPU
	EndGlobalSection
	GlobalSection(SolutionProperties) = preSolution
		HideSolutionNode = FALSE
	EndGlobalSection
	GlobalSection(ExtensibilityGlobals) = postSolution
		SolutionGuid = {7BAA609E-1CBD-4567-8535-974F03AC5840}
	EndGlobalSection
EndGlobal
